// !$*UTF8*$!
{
	archiveVersion = 1;
	classes = {
	};
	objectVersion = 50;
	objects = {

/* Begin PBXBuildFile section */
		752508AD20E2C0E0000A6B20 /* AppDelegate.swift in Sources */ = {isa = PBXBuildFile; fileRef = 752508AC20E2C0E0000A6B20 /* AppDelegate.swift */; };
		752508AF20E2C0E0000A6B20 /* ViewController.swift in Sources */ = {isa = PBXBuildFile; fileRef = 752508AE20E2C0E0000A6B20 /* ViewController.swift */; };
		752508B220E2C0E0000A6B20 /* Main.storyboard in Resources */ = {isa = PBXBuildFile; fileRef = 752508B020E2C0E0000A6B20 /* Main.storyboard */; };
		752508B420E2C0E1000A6B20 /* Assets.xcassets in Resources */ = {isa = PBXBuildFile; fileRef = 752508B320E2C0E1000A6B20 /* Assets.xcassets */; };
		7525090520E3FAF5000A6B20 /* LaunchScreen.storyboard in Resources */ = {isa = PBXBuildFile; fileRef = 7525090420E3FAF5000A6B20 /* LaunchScreen.storyboard */; };
		7525090720E40F8E000A6B20 /* Story.swift in Sources */ = {isa = PBXBuildFile; fileRef = 7525090620E40F8E000A6B20 /* Story.swift */; };
		7525090920E41D8F000A6B20 /* Page.swift in Sources */ = {isa = PBXBuildFile; fileRef = 7525090820E41D8F000A6B20 /* Page.swift */; };
		7525090B20E5721C000A6B20 /* PageController.swift in Sources */ = {isa = PBXBuildFile; fileRef = 7525090A20E5721C000A6B20 /* PageController.swift */; };
/* End PBXBuildFile section */

/* Begin PBXFileReference section */
		752508A920E2C0DF000A6B20 /* InterActiveStoryApp.app */ = {isa = PBXFileReference; explicitFileType = wrapper.application; includeInIndex = 0; path = InterActiveStoryApp.app; sourceTree = BUILT_PRODUCTS_DIR; };
		752508AC20E2C0E0000A6B20 /* AppDelegate.swift */ = {isa = PBXFileReference; lastKnownFileType = sourcecode.swift; path = AppDelegate.swift; sourceTree = "<group>"; };
		752508AE20E2C0E0000A6B20 /* ViewController.swift */ = {isa = PBXFileReference; lastKnownFileType = sourcecode.swift; path = ViewController.swift; sourceTree = "<group>"; };
		752508B120E2C0E0000A6B20 /* Base */ = {isa = PBXFileReference; lastKnownFileType = file.storyboard; name = Base; path = Base.lproj/Main.storyboard; sourceTree = "<group>"; };
		752508B320E2C0E1000A6B20 /* Assets.xcassets */ = {isa = PBXFileReference; lastKnownFileType = folder.assetcatalog; path = Assets.xcassets; sourceTree = "<group>"; };
		752508B820E2C0E1000A6B20 /* Info.plist */ = {isa = PBXFileReference; lastKnownFileType = text.plist.xml; path = Info.plist; sourceTree = "<group>"; };
		7525090420E3FAF5000A6B20 /* LaunchScreen.storyboard */ = {isa = PBXFileReference; lastKnownFileType = file.storyboard; path = LaunchScreen.storyboard; sourceTree = "<group>"; };
		7525090620E40F8E000A6B20 /* Story.swift */ = {isa = PBXFileReference; lastKnownFileType = sourcecode.swift; path = Story.swift; sourceTree = "<group>"; };
		7525090820E41D8F000A6B20 /* Page.swift */ = {isa = PBXFileReference; lastKnownFileType = sourcecode.swift; path = Page.swift; sourceTree = "<group>"; };
		7525090A20E5721C000A6B20 /* PageController.swift */ = {isa = PBXFileReference; lastKnownFileType = sourcecode.swift; path = PageController.swift; sourceTree = "<group>"; };
/* End PBXFileReference section */

/* Begin PBXFrameworksBuildPhase section */
		752508A620E2C0DF000A6B20 /* Frameworks */ = {
			isa = PBXFrameworksBuildPhase;
			buildActionMask = 2147483647;
			files = (
			);
			runOnlyForDeploymentPostprocessing = 0;
		};
/* End PBXFrameworksBuildPhase section */

/* Begin PBXGroup section */
		752508A020E2C0DF000A6B20 = {
			isa = PBXGroup;
			children = (
				752508AB20E2C0DF000A6B20 /* InterActiveStoryApp */,
				752508AA20E2C0DF000A6B20 /* Products */,
			);
			sourceTree = "<group>";
		};
		752508AA20E2C0DF000A6B20 /* Products */ = {
			isa = PBXGroup;
			children = (
				752508A920E2C0DF000A6B20 /* InterActiveStoryApp.app */,
			);
			name = Products;
			sourceTree = "<group>";
		};
		752508AB20E2C0DF000A6B20 /* InterActiveStoryApp */ = {
			isa = PBXGroup;
			children = (
				752508AC20E2C0E0000A6B20 /* AppDelegate.swift */,
				752508AE20E2C0E0000A6B20 /* ViewController.swift */,
				752508B020E2C0E0000A6B20 /* Main.storyboard */,
				752508B320E2C0E1000A6B20 /* Assets.xcassets */,
				752508B820E2C0E1000A6B20 /* Info.plist */,
				7525090420E3FAF5000A6B20 /* LaunchScreen.storyboard */,
				7525090620E40F8E000A6B20 /* Story.swift */,
				7525090820E41D8F000A6B20 /* Page.swift */,
				7525090A20E5721C000A6B20 /* PageController.swift */,
			);
			path = InterActiveStoryApp;
			sourceTree = "<group>";
		};
/* End PBXGroup section */

/* Begin PBXNativeTarget section */
		752508A820E2C0DF000A6B20 /* InterActiveStoryApp */ = {
			isa = PBXNativeTarget;
			buildConfigurationList = 752508BB20E2C0E1000A6B20 /* Build configuration list for PBXNativeTarget "InterActiveStoryApp" */;
			buildPhases = (
				752508A520E2C0DF000A6B20 /* Sources */,
				752508A620E2C0DF000A6B20 /* Frameworks */,
				752508A720E2C0DF000A6B20 /* Resources */,
			);
			buildRules = (
			);
			dependencies = (
			);
			name = InterActiveStoryApp;
			productName = InterActiveStoryApp;
			productReference = 752508A920E2C0DF000A6B20 /* InterActiveStoryApp.app */;
			productType = "com.apple.product-type.application";
		};
/* End PBXNativeTarget section */

/* Begin PBXProject section */
		752508A120E2C0DF000A6B20 /* Project object */ = {
			isa = PBXProject;
			attributes = {
				LastSwiftUpdateCheck = 0940;
				LastUpgradeCheck = 0940;
				ORGANIZATIONNAME = "Jordan Leahy";
				TargetAttributes = {
					752508A820E2C0DF000A6B20 = {
						CreatedOnToolsVersion = 9.4.1;
					};
				};
			};
			buildConfigurationList = 752508A420E2C0DF000A6B20 /* Build configuration list for PBXProject "InterActiveStoryApp" */;
			compatibilityVersion = "Xcode 9.3";
			developmentRegion = en;
			hasScannedForEncodings = 0;
			knownRegions = (
				en,
				Base,
			);
			mainGroup = 752508A020E2C0DF000A6B20;
			productRefGroup = 752508AA20E2C0DF000A6B20 /* Products */;
			projectDirPath = "";
			projectRoot = "";
			targets = (
				752508A820E2C0DF000A6B20 /* InterActiveStoryApp */,
			);
		};
/* End PBXProject section */

/* Begin PBXResourcesBuildPhase section */
		752508A720E2C0DF000A6B20 /* Resources */ = {
			isa = PBXResourcesBuildPhase;
			buildActionMask = 2147483647;
			files = (
				7525090520E3FAF5000A6B20 /* LaunchScreen.storyboard in Resources */,
				752508B420E2C0E1000A6B20 /* Assets.xcassets in Resources */,
				752508B220E2C0E0000A6B20 /* Main.storyboard in Resources */,
			);
			runOnlyForDeploymentPostprocessing = 0;
		};
/* End PBXResourcesBuildPhase section */

/* Begin PBXSourcesBuildPhase section */
		752508A520E2C0DF000A6B20 /* Sources */ = {
			isa = PBXSourcesBuildPhase;
			buildActionMask = 2147483647;
			files = (
				752508AF20E2C0E0000A6B20 /* ViewController.swift in Sources */,
				752508AD20E2C0E0000A6B20 /* AppDelegate.swift in Sources */,
				7525090920E41D8F000A6B20 /* Page.swift in Sources */,
				7525090720E40F8E000A6B20 /* Story.swift in Sources */,
				7525090B20E5721C000A6B20 /* PageController.swift in Sources */,
			);
			runOnlyForDeploymentPostprocessing = 0;
		};
/* End PBXSourcesBuildPhase section */

/* Begin PBXVariantGroup section */
		752508B020E2C0E0000A6B20 /* Main.storyboard */ = {
			isa = PBXVariantGroup;
			children = (
				752508B120E2C0E0000A6B20 /* Base */,
			);
			name = Main.storyboard;
			sourceTree = "<group>";
		};
/* End PBXVariantGroup section */

/* Begin XCBuildConfiguration section */
		752508B920E2C0E1000A6B20 /* Debug */ = {
			isa = XCBuildConfiguration;
			buildSettings = {
				ALWAYS_SEARCH_USER_PATHS = NO;
				CLANG_ANALYZER_NONNULL = YES;
				CLANG_ANALYZER_NUMBER_OBJECT_CONVERSION = YES_AGGRESSIVE;
				CLANG_CXX_LANGUAGE_STANDARD = "gnu++14";
				CLANG_CXX_LIBRARY = "libc++";
				CLANG_ENABLE_MODULES = YES;
				CLANG_ENABLE_OBJC_ARC = YES;
				CLANG_ENABLE_OBJC_WEAK = YES;
				CLANG_WARN_BLOCK_CAPTURE_AUTORELEASING = YES;
				CLANG_WARN_BOOL_CONVERSION = YES;
				CLANG_WARN_COMMA = YES;
				CLANG_WARN_CONSTANT_CONVERSION = YES;
				CLANG_WARN_DEPRECATED_OBJC_IMPLEMENTATIONS = YES;
				CLANG_WARN_DIRECT_OBJC_ISA_USAGE = YES_ERROR;
				CLANG_WARN_DOCUMENTATION_COMMENTS = YES;
				CLANG_WARN_EMPTY_BODY = YES;
				CLANG_WARN_ENUM_CONVERSION = YES;
				CLANG_WARN_INFINITE_RECURSION = YES;
				CLANG_WARN_INT_CONVERSION = YES;
				CLANG_WARN_NON_LITERAL_NULL_CONVERSION = YES;
				CLANG_WARN_OBJC_IMPLICIT_RETAIN_SELF = YES;
				CLANG_WARN_OBJC_LITERAL_CONVERSION = YES;
				CLANG_WARN_OBJC_ROOT_CLASS = YES_ERROR;
				CLANG_WARN_RANGE_LOOP_ANALYSIS = YES;
				CLANG_WARN_STRICT_PROTOTYPES = YES;
				CLANG_WARN_SUSPICIOUS_MOVE = YES;
				CLANG_WARN_UNGUARDED_AVAILABILITY = YES_AGGRESSIVE;
				CLANG_WARN_UNREACHABLE_CODE = YES;
				CLANG_WARN__DUPLICATE_METHOD_MATCH = YES;
				CODE_SIGN_IDENTITY = "iPhone Developer";
				COPY_PHASE_STRIP = NO;
				DEBUG_INFORMATION_FORMAT = dwarf;
				ENABLE_STRICT_OBJC_MSGSEND = YES;
				ENABLE_TESTABILITY = YES;
				GCC_C_LANGUAGE_STANDARD = gnu11;
				GCC_DYNAMIC_NO_PIC = NO;
				GCC_NO_COMMON_BLOCKS = YES;
				GCC_OPTIMIZATION_LEVEL = 0;
				GCC_PREPROCESSOR_DEFINITIONS = (
					"DEBUG=1",
					"$(inherited)",
				);
				GCC_WARN_64_TO_32_BIT_CONVERSION = YES;
				GCC_WARN_ABOUT_RETURN_TYPE = YES_ERROR;
				GCC_WARN_UNDECLARED_SELECTOR = YES;
				GCC_WARN_UNINITIALIZED_AUTOS = YES_AGGRESSIVE;
				GCC_WARN_UNUSED_FUNCTION = YES;
				GCC_WARN_UNUSED_VARIABLE = YES;
				IPHONEOS_DEPLOYMENT_TARGET = 11.4;
				MTL_ENABLE_DEBUG_INFO = YES;
				ONLY_ACTIVE_ARCH = YES;
				SDKROOT = iphoneos;
				SWIFT_ACTIVE_COMPILATION_CONDITIONS = DEBUG;
				SWIFT_OPTIMIZATION_LEVEL = "-Onone";
			};
			name = Debug;
		};
		752508BA20E2C0E1000A6B20 /* Release */ = {
			isa = XCBuildConfiguration;
			buildSettings = {
				ALWAYS_SEARCH_USER_PATHS = NO;
				CLANG_ANALYZER_NONNULL = YES;
				CLANG_ANALYZER_NUMBER_OBJECT_CONVERSION = YES_AGGRESSIVE;
				CLANG_CXX_LANGUAGE_STANDARD = "gnu++14";
				CLANG_CXX_LIBRARY = "libc++";
				CLANG_ENABLE_MODULES = YES;
				CLANG_ENABLE_OBJC_ARC = YES;
				CLANG_ENABLE_OBJC_WEAK = YES;
				CLANG_WARN_BLOCK_CAPTURE_AUTORELEASING = YES;
				CLANG_WARN_BOOL_CONVERSION = YES;
				CLANG_WARN_COMMA = YES;
				CLANG_WARN_CONSTANT_CONVERSION = YES;
				CLANG_WARN_DEPRECATED_OBJC_IMPLEMENTATIONS = YES;
				CLANG_WARN_DIRECT_OBJC_ISA_USAGE = YES_ERROR;
				CLANG_WARN_DOCUMENTATION_COMMENTS = YES;
				CLANG_WARN_EMPTY_BODY = YES;
				CLANG_WARN_ENUM_CONVERSION = YES;
				CLANG_WARN_INFINITE_RECURSION = YES;
				CLANG_WARN_INT_CONVERSION = YES;
				CLANG_WARN_NON_LITERAL_NULL_CONVERSION = YES;
				CLANG_WARN_OBJC_IMPLICIT_RETAIN_SELF = YES;
				CLANG_WARN_OBJC_LITERAL_CONVERSION = YES;
				CLANG_WARN_OBJC_ROOT_CLASS = YES_ERROR;
				CLANG_WARN_RANGE_LOOP_ANALYSIS = YES;
				CLANG_WARN_STRICT_PROTOTYPES = YES;
				CLANG_WARN_SUSPICIOUS_MOVE = YES;
				CLANG_WARN_UNGUARDED_AVAILABILITY = YES_AGGRESSIVE;
				CLANG_WARN_UNREACHABLE_CODE = YES;
				CLANG_WARN__DUPLICATE_METHOD_MATCH = YES;
				CODE_SIGN_IDENTITY = "iPhone Developer";
				COPY_PHASE_STRIP = NO;
				DEBUG_INFORMATION_FORMAT = "dwarf-with-dsym";
				ENABLE_NS_ASSERTIONS = NO;
				ENABLE_STRICT_OBJC_MSGSEND = YES;
				GCC_C_LANGUAGE_STANDARD = gnu11;
				GCC_NO_COMMON_BLOCKS = YES;
				GCC_WARN_64_TO_32_BIT_CONVERSION = YES;
				GCC_WARN_ABOUT_RETURN_TYPE = YES_ERROR;
				GCC_WARN_UNDECLARED_SELECTOR = YES;
				GCC_WARN_UNINITIALIZED_AUTOS = YES_AGGRESSIVE;
				GCC_WARN_UNUSED_FUNCTION = YES;
				GCC_WARN_UNUSED_VARIABLE = YES;
				IPHONEOS_DEPLOYMENT_TARGET = 11.4;
				MTL_ENABLE_DEBUG_INFO = NO;
				SDKROOT = iphoneos;
				SWIFT_COMPILATION_MODE = wholemodule;
				SWIFT_OPTIMIZATION_LEVEL = "-O";
				VALIDATE_PRODUCT = YES;
			};
			name = Release;
		};
		752508BC20E2C0E1000A6B20 /* Debug */ = {
			isa = XCBuildConfiguration;
			buildSettings = {
				ASSETCATALOG_COMPILER_APPICON_NAME = AppIcon;
				CODE_SIGN_STYLE = Automatic;
				DEVELOPMENT_TEAM = MT3TP6RJLV;
				INFOPLIST_FILE = InterActiveStoryApp/Info.plist;
				LD_RUNPATH_SEARCH_PATHS = (
					"$(inherited)",
					"@executable_path/Frameworks",
				);
				PRODUCT_BUNDLE_IDENTIFIER = com.jordanleahy.InterActiveStoryApp;
				PRODUCT_NAME = "$(TARGET_NAME)";
				SWIFT_VERSION = 4.0;
				TARGETED_DEVICE_FAMILY = "1,2";
			};
			name = Debug;
		};
		752508BD20E2C0E1000A6B20 /* Release */ = {
			isa = XCBuildConfiguration;
			buildSettings = {
				ASSETCATALOG_COMPILER_APPICON_NAME = AppIcon;
				CODE_SIGN_STYLE = Automatic;
				DEVELOPMENT_TEAM = MT3TP6RJLV;
				INFOPLIST_FILE = InterActiveStoryApp/Info.plist;
				LD_RUNPATH_SEARCH_PATHS = (
					"$(inherited)",
					"@executable_path/Frameworks",
				);
				PRODUCT_BUNDLE_IDENTIFIER = com.jordanleahy.InterActiveStoryApp;
				PRODUCT_NAME = "$(TARGET_NAME)";
				SWIFT_VERSION = 4.0;
				TARGETED_DEVICE_FAMILY = "1,2";
			};
			name = Release;
		};
/* End XCBuildConfiguration section */

/* Begin XCConfigurationList section */
		752508A420E2C0DF000A6B20 /* Build configuration list for PBXProject "InterActiveStoryApp" */ = {
			isa = XCConfigurationList;
			buildConfigurations = (
				752508B920E2C0E1000A6B20 /* Debug */,
				752508BA20E2C0E1000A6B20 /* Release */,
			);
			defaultConfigurationIsVisible = 0;
			defaultConfigurationName = Release;
		};
		752508BB20E2C0E1000A6B20 /* Build configuration list for PBXNativeTarget "InterActiveStoryApp" */ = {
			isa = XCConfigurationList;
			buildConfigurations = (
				752508BC20E2C0E1000A6B20 /* Debug */,
				752508BD20E2C0E1000A6B20 /* Release */,
			);
			defaultConfigurationIsVisible = 0;
			defaultConfigurationName = Release;
		};
/* End XCConfigurationList section */
	};
	rootObject = 752508A120E2C0DF000A6B20 /* Project object */;
}
